
Microsoft Visual Studio Solution File, Format Version 12.00
# Visual Studio Version 16
VisualStudioVersion = 16.0.30804.86
MinimumVisualStudioVersion = 10.0.40219.1
Project("{9A19103F-16F7-4668-BE54-9A1E7A4F7556}") = "SchedulerService", "SchedulerServices\SchedulerService.csproj", "{AF41C146-612E-4E81-9F2C-E7A830C84E10}"
	ProjectSection(ProjectDependencies) = postProject
		{EE762DA5-3803-45CF-A025-BCC53A812DD2} = {EE762DA5-3803-45CF-A025-BCC53A812DD2}
	EndProjectSection
EndProject
Project("{9A19103F-16F7-4668-BE54-9A1E7A4F7556}") = "FlashCardService", "FlashCardService\FlashCardService.csproj", "{EE762DA5-3803-45CF-A025-BCC53A812DD2}"
	ProjectSection(ProjectDependencies) = postProject
		{488B3F35-30BF-466F-BA6B-428CAC35A08D} = {488B3F35-30BF-466F-BA6B-428CAC35A08D}
	EndProjectSection
EndProject
Project("{9A19103F-16F7-4668-BE54-9A1E7A4F7556}") = "Infrastructure", "AWSInfrastructure\Infrastructure\Infrastructure.csproj", "{488B3F35-30BF-466F-BA6B-428CAC35A08D}"
EndProject
Project("{9A19103F-16F7-4668-BE54-9A1E7A4F7556}") = "LambdaServices.Test", "LambdaServices.Test\LambdaServices.Test.csproj", "{FF634E12-E6EA-45DC-AF62-2B690391066C}"
EndProject
Project("{9A19103F-16F7-4668-BE54-9A1E7A4F7556}") = "MoycaAddition", "MoycaAddition\MoycaAddition.csproj", "{FEC03F32-4D99-4CAC-A643-FA15620D7955}"
EndProject
Project("{9A19103F-16F7-4668-BE54-9A1E7A4F7556}") = "MoycaSubtraction", "MoycaSubtraction\MoycaSubtraction.csproj", "{889F425B-6992-43FE-8105-1BFA5E11F377}"
	ProjectSection(ProjectDependencies) = postProject
		{488B3F35-30BF-466F-BA6B-428CAC35A08D} = {488B3F35-30BF-466F-BA6B-428CAC35A08D}
	EndProjectSection
EndProject
Project("{9A19103F-16F7-4668-BE54-9A1E7A4F7556}") = "MoycaWordFamilies", "MoycaWordFamilies\MoycaWordFamilies.csproj", "{65F151F9-92BE-4F8E-86DF-9E05E27697C7}"
	ProjectSection(ProjectDependencies) = postProject
		{488B3F35-30BF-466F-BA6B-428CAC35A08D} = {488B3F35-30BF-466F-BA6B-428CAC35A08D}
	EndProjectSection
EndProject
Global
	GlobalSection(SolutionConfigurationPlatforms) = preSolution
		Debug|Any CPU = Debug|Any CPU
		Release|Any CPU = Release|Any CPU
	EndGlobalSection
	GlobalSection(ProjectConfigurationPlatforms) = postSolution
		{AF41C146-612E-4E81-9F2C-E7A830C84E10}.Debug|Any CPU.ActiveCfg = Debug|Any CPU
		{AF41C146-612E-4E81-9F2C-E7A830C84E10}.Debug|Any CPU.Build.0 = Debug|Any CPU
		{AF41C146-612E-4E81-9F2C-E7A830C84E10}.Release|Any CPU.ActiveCfg = Release|Any CPU
		{AF41C146-612E-4E81-9F2C-E7A830C84E10}.Release|Any CPU.Build.0 = Release|Any CPU
		{EE762DA5-3803-45CF-A025-BCC53A812DD2}.Debug|Any CPU.ActiveCfg = Debug|Any CPU
		{EE762DA5-3803-45CF-A025-BCC53A812DD2}.Debug|Any CPU.Build.0 = Debug|Any CPU
		{EE762DA5-3803-45CF-A025-BCC53A812DD2}.Release|Any CPU.ActiveCfg = Release|Any CPU
		{EE762DA5-3803-45CF-A025-BCC53A812DD2}.Release|Any CPU.Build.0 = Release|Any CPU
		{488B3F35-30BF-466F-BA6B-428CAC35A08D}.Debug|Any CPU.ActiveCfg = Debug|Any CPU
		{488B3F35-30BF-466F-BA6B-428CAC35A08D}.Debug|Any CPU.Build.0 = Debug|Any CPU
		{488B3F35-30BF-466F-BA6B-428CAC35A08D}.Release|Any CPU.ActiveCfg = Release|Any CPU
		{488B3F35-30BF-466F-BA6B-428CAC35A08D}.Release|Any CPU.Build.0 = Release|Any CPU
		{FF634E12-E6EA-45DC-AF62-2B690391066C}.Debug|Any CPU.ActiveCfg = Debug|Any CPU
		{FF634E12-E6EA-45DC-AF62-2B690391066C}.Debug|Any CPU.Build.0 = Debug|Any CPU
		{FF634E12-E6EA-45DC-AF62-2B690391066C}.Release|Any CPU.ActiveCfg = Release|Any CPU
		{FF634E12-E6EA-45DC-AF62-2B690391066C}.Release|Any CPU.Build.0 = Release|Any CPU
		{FEC03F32-4D99-4CAC-A643-FA15620D7955}.Debug|Any CPU.ActiveCfg = Debug|Any CPU
		{FEC03F32-4D99-4CAC-A643-FA15620D7955}.Debug|Any CPU.Build.0 = Debug|Any CPU
		{FEC03F32-4D99-4CAC-A643-FA15620D7955}.Release|Any CPU.ActiveCfg = Release|Any CPU
		{FEC03F32-4D99-4CAC-A643-FA15620D7955}.Release|Any CPU.Build.0 = Release|Any CPU
		{889F425B-6992-43FE-8105-1BFA5E11F377}.Debug|Any CPU.ActiveCfg = Debug|Any CPU
		{889F425B-6992-43FE-8105-1BFA5E11F377}.Debug|Any CPU.Build.0 = Debug|Any CPU
		{889F425B-6992-43FE-8105-1BFA5E11F377}.Release|Any CPU.ActiveCfg = Release|Any CPU
		{889F425B-6992-43FE-8105-1BFA5E11F377}.Release|Any CPU.Build.0 = Release|Any CPU
		{65F151F9-92BE-4F8E-86DF-9E05E27697C7}.Debug|Any CPU.ActiveCfg = Debug|Any CPU
		{65F151F9-92BE-4F8E-86DF-9E05E27697C7}.Debug|Any CPU.Build.0 = Debug|Any CPU
		{65F151F9-92BE-4F8E-86DF-9E05E27697C7}.Release|Any CPU.ActiveCfg = Release|Any CPU
		{65F151F9-92BE-4F8E-86DF-9E05E27697C7}.Release|Any CPU.Build.0 = Release|Any CPU
	EndGlobalSection
	GlobalSection(SolutionProperties) = preSolution
		HideSolutionNode = FALSE
	EndGlobalSection
	GlobalSection(ExtensibilityGlobals) = postSolution
		SolutionGuid = {3A14F9EA-AFD3-48C1-92F5-1DE6D6E2615B}
	EndGlobalSection
EndGlobal
